
Microsoft Visual Studio Solution File, Format Version 12.00
# Visual Studio Version 17
VisualStudioVersion = 17.2.32516.85
MinimumVisualStudioVersion = 10.0.40219.1
Project("{9A19103F-16F7-4668-BE54-9A1E7A4F7556}") = "ConsoleApp1-2C", "ConsoleApp1-2C\ConsoleApp1-2C.csproj", "{AC7993ED-CF55-4FBB-B5D5-55CF3A4DCE24}"
EndProject
Project("{2150E333-8FDC-42A3-9474-1A3956D46DE8}") = "Clase1", "Clase1", "{8DE22E90-BB36-4543-AF9C-2DAE94C1C2B6}"
EndProject
Project("{2150E333-8FDC-42A3-9474-1A3956D46DE8}") = "Clase2", "Clase2", "{B7F9960F-51F8-460C-A8E7-F85A5D1E8B91}"
EndProject
Project("{9A19103F-16F7-4668-BE54-9A1E7A4F7556}") = "Clase1_Ejercicio2", "Clase1_Ejercicio2\Clase1_Ejercicio2.csproj", "{E8282551-9724-4DB5-8F25-7E1090DCBBE7}"
EndProject
Project("{9A19103F-16F7-4668-BE54-9A1E7A4F7556}") = "Clase1_Ejercicio3", "Clase1_Ejercicio3\Clase1_Ejercicio3.csproj", "{A9F18756-55A1-4DBC-9EAB-4DF0CA6E0448}"
EndProject
Project("{9A19103F-16F7-4668-BE54-9A1E7A4F7556}") = "Clase2_Ejercicio1", "Clase2_Ejercicio1\Clase2_Ejercicio1.csproj", "{99F41F5E-2672-4428-97C3-522EE3B5CEB8}"
EndProject
Project("{9A19103F-16F7-4668-BE54-9A1E7A4F7556}") = "Clase2_Ejercicio4", "Clase2_Ejercicio4\Clase2_Ejercicio4.csproj", "{18795A96-1404-44EE-8BC1-7B5BC8A2B4DB}"
EndProject
Project("{9A19103F-16F7-4668-BE54-9A1E7A4F7556}") = "Clase2_EjercicioSello", "Clase2_EjercicioSello\Clase2_EjercicioSello.csproj", "{BAE786A2-AC4F-45A1-AC9F-8FDB65B46DED}"
EndProject
Project("{9A19103F-16F7-4668-BE54-9A1E7A4F7556}") = "Clase2_Ejercicio5", "Clase2_Ejercicio5\Clase2_Ejercicio5.csproj", "{35B85D93-7C13-4A97-A337-E44D8A51F9A1}"
EndProject
Project("{9A19103F-16F7-4668-BE54-9A1E7A4F7556}") = "Clase2_Ejercicio6", "Clase2_Ejercicio6\Clase2_Ejercicio6.csproj", "{52E666B6-A084-45F1-8FDF-08541F7919E7}"
EndProject
Project("{9A19103F-16F7-4668-BE54-9A1E7A4F7556}") = "Clase2_Ejercicio7", "Clase2_Ejercicio7\Clase2_Ejercicio7.csproj", "{5A092AF3-367C-45D0-8BB7-14BD84A9A8D3}"
EndProject
Project("{9A19103F-16F7-4668-BE54-9A1E7A4F7556}") = "Clase2_Ejercicio8", "Clase2_Ejercicio8\Clase2_Ejercicio8.csproj", "{0A6E6BF5-ADA4-4D14-8647-8268F9AFD903}"
EndProject
Project("{2150E333-8FDC-42A3-9474-1A3956D46DE8}") = "Clase3", "Clase3", "{76BAFAF6-6F76-46A6-B29E-75CE62B1E965}"
EndProject
Project("{9A19103F-16F7-4668-BE54-9A1E7A4F7556}") = "Clase3_Ejercicio1", "Clase3_Ejercicio1\Clase3_Ejercicio1.csproj", "{9CE08DBD-5F88-4B16-9E77-DD9020AC9183}"
EndProject
Project("{9A19103F-16F7-4668-BE54-9A1E7A4F7556}") = "Clase3_Entidades", "Entidades\Clase3_Entidades.csproj", "{1BFE54F5-0316-4948-B177-3E7D415A0D0E}"
EndProject
Project("{2150E333-8FDC-42A3-9474-1A3956D46DE8}") = "Clase4", "Clase4", "{FEC6E00A-07F9-4909-9370-4899F7480DDC}"
EndProject
Project("{9A19103F-16F7-4668-BE54-9A1E7A4F7556}") = "Clase4_Ejercicio1p", "Clase4_Ejercicio1p\Clase4_Ejercicio1p.csproj", "{96E43575-E5CD-404B-A381-1B182A3F2601}"
EndProject
Project("{9A19103F-16F7-4668-BE54-9A1E7A4F7556}") = "Clase4_EntidadesEjercicio1", "Clase4_EntidadesEjercicio1\Clase4_EntidadesEjercicio1.csproj", "{BB51D08B-9B3F-4C92-9AF9-3728009556B1}"
EndProject
Project("{9A19103F-16F7-4668-BE54-9A1E7A4F7556}") = "Clase4_Ejercicio2", "Clase4_Ejercicio2\Clase4_Ejercicio2.csproj", "{FEE2C521-7559-4314-8387-C5761F60F8DB}"
EndProject
Project("{9A19103F-16F7-4668-BE54-9A1E7A4F7556}") = "Clase4_Entidades", "Clase4_Entidades\Clase4_Entidades.csproj", "{B837B021-73EE-428E-9465-743D5908C5CC}"
EndProject
Project("{2150E333-8FDC-42A3-9474-1A3956D46DE8}") = "Clase5", "Clase5", "{D3B1C2C6-FFAD-44B3-97E9-B63F6D5D8AAE}"
EndProject
Project("{9A19103F-16F7-4668-BE54-9A1E7A4F7556}") = "Clase5_Vistas", "Clase5_Vistas\Clase5_Vistas.csproj", "{3555EAF4-CD1B-499F-A2ED-C938B7D3CFB2}"
EndProject
Project("{9A19103F-16F7-4668-BE54-9A1E7A4F7556}") = "Clase5_Ejercicio2", "Clase5_Ejercicio2\Clase5_Ejercicio2.csproj", "{ACF1E6A7-DC12-4DCE-AD15-E354D8CAB01F}"
EndProject
Project("{9A19103F-16F7-4668-BE54-9A1E7A4F7556}") = "Clase5_Ejercicio2Forms", "Clase5_Ejercicio2Forms\Clase5_Ejercicio2Forms.csproj", "{ED98A644-D7AB-4495-82D2-C1F96C141950}"
EndProject
Project("{9A19103F-16F7-4668-BE54-9A1E7A4F7556}") = "Conversor_Clase4", "Conversor_Clase4\Conversor_Clase4.csproj", "{7001E313-05FE-4B58-A137-44445283A61F}"
EndProject
Project("{2150E333-8FDC-42A3-9474-1A3956D46DE8}") = "Clase7", "Clase7", "{9F5D37CF-205D-4F3E-A727-EDB4B3EB3D12}"
EndProject
Project("{9A19103F-16F7-4668-BE54-9A1E7A4F7556}") = "Clase7_Ejercicio1", "Clase7_Ejercicio1\Clase7_Ejercicio1.csproj", "{6560F53B-2B13-46C1-AF64-DA8BF62078B0}"
EndProject
Project("{9A19103F-16F7-4668-BE54-9A1E7A4F7556}") = "Clase7_Ejercicio1_Consola", "Clase7_Ejercicio1_Consola\Clase7_Ejercicio1_Consola.csproj", "{0B3D2DAB-D58F-4152-B473-938F0F1444BD}"
EndProject
Project("{2150E333-8FDC-42A3-9474-1A3956D46DE8}") = "EjercicioIntegradorParaisosFiscales", "EjercicioIntegradorParaisosFiscales", "{EC802D6B-26B6-42BA-ACAA-4505C8B58402}"
EndProject
Project("{9A19103F-16F7-4668-BE54-9A1E7A4F7556}") = "EjercicioIntegrador_ParaisosFiscales", "EjercicioIntegrador_ParaisosFiscales\EjercicioIntegrador_ParaisosFiscales.csproj", "{8B5BF415-36BC-43F8-A9D5-300A55DDB34D}"
EndProject
Project("{FAE04EC0-301F-11D3-BF4B-00C04F79EFBC}") = "ConsolaParaisos", "ConsolaParaisos\ConsolaParaisos.csproj", "{A8D97CB3-D7CD-4A5F-ADD1-A162D0C245D3}"
EndProject
Global
	GlobalSection(SolutionConfigurationPlatforms) = preSolution
		Debug|Any CPU = Debug|Any CPU
		Release|Any CPU = Release|Any CPU
	EndGlobalSection
	GlobalSection(ProjectConfigurationPlatforms) = postSolution
		{AC7993ED-CF55-4FBB-B5D5-55CF3A4DCE24}.Debug|Any CPU.ActiveCfg = Debug|Any CPU
		{AC7993ED-CF55-4FBB-B5D5-55CF3A4DCE24}.Debug|Any CPU.Build.0 = Debug|Any CPU
		{AC7993ED-CF55-4FBB-B5D5-55CF3A4DCE24}.Release|Any CPU.ActiveCfg = Release|Any CPU
		{AC7993ED-CF55-4FBB-B5D5-55CF3A4DCE24}.Release|Any CPU.Build.0 = Release|Any CPU
		{E8282551-9724-4DB5-8F25-7E1090DCBBE7}.Debug|Any CPU.ActiveCfg = Debug|Any CPU
		{E8282551-9724-4DB5-8F25-7E1090DCBBE7}.Debug|Any CPU.Build.0 = Debug|Any CPU
		{E8282551-9724-4DB5-8F25-7E1090DCBBE7}.Release|Any CPU.ActiveCfg = Release|Any CPU
		{E8282551-9724-4DB5-8F25-7E1090DCBBE7}.Release|Any CPU.Build.0 = Release|Any CPU
		{A9F18756-55A1-4DBC-9EAB-4DF0CA6E0448}.Debug|Any CPU.ActiveCfg = Debug|Any CPU
		{A9F18756-55A1-4DBC-9EAB-4DF0CA6E0448}.Debug|Any CPU.Build.0 = Debug|Any CPU
		{A9F18756-55A1-4DBC-9EAB-4DF0CA6E0448}.Release|Any CPU.ActiveCfg = Release|Any CPU
		{A9F18756-55A1-4DBC-9EAB-4DF0CA6E0448}.Release|Any CPU.Build.0 = Release|Any CPU
		{99F41F5E-2672-4428-97C3-522EE3B5CEB8}.Debug|Any CPU.ActiveCfg = Debug|Any CPU
		{99F41F5E-2672-4428-97C3-522EE3B5CEB8}.Debug|Any CPU.Build.0 = Debug|Any CPU
		{99F41F5E-2672-4428-97C3-522EE3B5CEB8}.Release|Any CPU.ActiveCfg = Release|Any CPU
		{99F41F5E-2672-4428-97C3-522EE3B5CEB8}.Release|Any CPU.Build.0 = Release|Any CPU
		{18795A96-1404-44EE-8BC1-7B5BC8A2B4DB}.Debug|Any CPU.ActiveCfg = Debug|Any CPU
		{18795A96-1404-44EE-8BC1-7B5BC8A2B4DB}.Debug|Any CPU.Build.0 = Debug|Any CPU
		{18795A96-1404-44EE-8BC1-7B5BC8A2B4DB}.Release|Any CPU.ActiveCfg = Release|Any CPU
		{18795A96-1404-44EE-8BC1-7B5BC8A2B4DB}.Release|Any CPU.Build.0 = Release|Any CPU
		{BAE786A2-AC4F-45A1-AC9F-8FDB65B46DED}.Debug|Any CPU.ActiveCfg = Debug|Any CPU
		{BAE786A2-AC4F-45A1-AC9F-8FDB65B46DED}.Debug|Any CPU.Build.0 = Debug|Any CPU
		{BAE786A2-AC4F-45A1-AC9F-8FDB65B46DED}.Release|Any CPU.ActiveCfg = Release|Any CPU
		{BAE786A2-AC4F-45A1-AC9F-8FDB65B46DED}.Release|Any CPU.Build.0 = Release|Any CPU
		{35B85D93-7C13-4A97-A337-E44D8A51F9A1}.Debug|Any CPU.ActiveCfg = Debug|Any CPU
		{35B85D93-7C13-4A97-A337-E44D8A51F9A1}.Debug|Any CPU.Build.0 = Debug|Any CPU
		{35B85D93-7C13-4A97-A337-E44D8A51F9A1}.Release|Any CPU.ActiveCfg = Release|Any CPU
		{35B85D93-7C13-4A97-A337-E44D8A51F9A1}.Release|Any CPU.Build.0 = Release|Any CPU
		{52E666B6-A084-45F1-8FDF-08541F7919E7}.Debug|Any CPU.ActiveCfg = Debug|Any CPU
		{52E666B6-A084-45F1-8FDF-08541F7919E7}.Debug|Any CPU.Build.0 = Debug|Any CPU
		{52E666B6-A084-45F1-8FDF-08541F7919E7}.Release|Any CPU.ActiveCfg = Release|Any CPU
		{52E666B6-A084-45F1-8FDF-08541F7919E7}.Release|Any CPU.Build.0 = Release|Any CPU
		{5A092AF3-367C-45D0-8BB7-14BD84A9A8D3}.Debug|Any CPU.ActiveCfg = Debug|Any CPU
		{5A092AF3-367C-45D0-8BB7-14BD84A9A8D3}.Debug|Any CPU.Build.0 = Debug|Any CPU
		{5A092AF3-367C-45D0-8BB7-14BD84A9A8D3}.Release|Any CPU.ActiveCfg = Release|Any CPU
		{5A092AF3-367C-45D0-8BB7-14BD84A9A8D3}.Release|Any CPU.Build.0 = Release|Any CPU
		{0A6E6BF5-ADA4-4D14-8647-8268F9AFD903}.Debug|Any CPU.ActiveCfg = Debug|Any CPU
		{0A6E6BF5-ADA4-4D14-8647-8268F9AFD903}.Debug|Any CPU.Build.0 = Debug|Any CPU
		{0A6E6BF5-ADA4-4D14-8647-8268F9AFD903}.Release|Any CPU.ActiveCfg = Release|Any CPU
		{0A6E6BF5-ADA4-4D14-8647-8268F9AFD903}.Release|Any CPU.Build.0 = Release|Any CPU
		{9CE08DBD-5F88-4B16-9E77-DD9020AC9183}.Debug|Any CPU.ActiveCfg = Debug|Any CPU
		{9CE08DBD-5F88-4B16-9E77-DD9020AC9183}.Debug|Any CPU.Build.0 = Debug|Any CPU
		{9CE08DBD-5F88-4B16-9E77-DD9020AC9183}.Release|Any CPU.ActiveCfg = Release|Any CPU
		{9CE08DBD-5F88-4B16-9E77-DD9020AC9183}.Release|Any CPU.Build.0 = Release|Any CPU
		{1BFE54F5-0316-4948-B177-3E7D415A0D0E}.Debug|Any CPU.ActiveCfg = Debug|Any CPU
		{1BFE54F5-0316-4948-B177-3E7D415A0D0E}.Debug|Any CPU.Build.0 = Debug|Any CPU
		{1BFE54F5-0316-4948-B177-3E7D415A0D0E}.Release|Any CPU.ActiveCfg = Release|Any CPU
		{1BFE54F5-0316-4948-B177-3E7D415A0D0E}.Release|Any CPU.Build.0 = Release|Any CPU
		{96E43575-E5CD-404B-A381-1B182A3F2601}.Debug|Any CPU.ActiveCfg = Debug|Any CPU
		{96E43575-E5CD-404B-A381-1B182A3F2601}.Debug|Any CPU.Build.0 = Debug|Any CPU
		{96E43575-E5CD-404B-A381-1B182A3F2601}.Release|Any CPU.ActiveCfg = Release|Any CPU
		{96E43575-E5CD-404B-A381-1B182A3F2601}.Release|Any CPU.Build.0 = Release|Any CPU
		{BB51D08B-9B3F-4C92-9AF9-3728009556B1}.Debug|Any CPU.ActiveCfg = Debug|Any CPU
		{BB51D08B-9B3F-4C92-9AF9-3728009556B1}.Debug|Any CPU.Build.0 = Debug|Any CPU
		{BB51D08B-9B3F-4C92-9AF9-3728009556B1}.Release|Any CPU.ActiveCfg = Release|Any CPU
		{BB51D08B-9B3F-4C92-9AF9-3728009556B1}.Release|Any CPU.Build.0 = Release|Any CPU
		{FEE2C521-7559-4314-8387-C5761F60F8DB}.Debug|Any CPU.ActiveCfg = Debug|Any CPU
		{FEE2C521-7559-4314-8387-C5761F60F8DB}.Debug|Any CPU.Build.0 = Debug|Any CPU
		{FEE2C521-7559-4314-8387-C5761F60F8DB}.Release|Any CPU.ActiveCfg = Release|Any CPU
		{FEE2C521-7559-4314-8387-C5761F60F8DB}.Release|Any CPU.Build.0 = Release|Any CPU
		{B837B021-73EE-428E-9465-743D5908C5CC}.Debug|Any CPU.ActiveCfg = Debug|Any CPU
		{B837B021-73EE-428E-9465-743D5908C5CC}.Debug|Any CPU.Build.0 = Debug|Any CPU
		{B837B021-73EE-428E-9465-743D5908C5CC}.Release|Any CPU.ActiveCfg = Release|Any CPU
		{B837B021-73EE-428E-9465-743D5908C5CC}.Release|Any CPU.Build.0 = Release|Any CPU
		{3555EAF4-CD1B-499F-A2ED-C938B7D3CFB2}.Debug|Any CPU.ActiveCfg = Debug|Any CPU
		{3555EAF4-CD1B-499F-A2ED-C938B7D3CFB2}.Debug|Any CPU.Build.0 = Debug|Any CPU
		{3555EAF4-CD1B-499F-A2ED-C938B7D3CFB2}.Release|Any CPU.ActiveCfg = Release|Any CPU
		{3555EAF4-CD1B-499F-A2ED-C938B7D3CFB2}.Release|Any CPU.Build.0 = Release|Any CPU
		{ACF1E6A7-DC12-4DCE-AD15-E354D8CAB01F}.Debug|Any CPU.ActiveCfg = Debug|Any CPU
		{ACF1E6A7-DC12-4DCE-AD15-E354D8CAB01F}.Debug|Any CPU.Build.0 = Debug|Any CPU
		{ACF1E6A7-DC12-4DCE-AD15-E354D8CAB01F}.Release|Any CPU.ActiveCfg = Release|Any CPU
		{ACF1E6A7-DC12-4DCE-AD15-E354D8CAB01F}.Release|Any CPU.Build.0 = Release|Any CPU
		{ED98A644-D7AB-4495-82D2-C1F96C141950}.Debug|Any CPU.ActiveCfg = Debug|Any CPU
		{ED98A644-D7AB-4495-82D2-C1F96C141950}.Debug|Any CPU.Build.0 = Debug|Any CPU
		{ED98A644-D7AB-4495-82D2-C1F96C141950}.Release|Any CPU.ActiveCfg = Release|Any CPU
		{ED98A644-D7AB-4495-82D2-C1F96C141950}.Release|Any CPU.Build.0 = Release|Any CPU
		{7001E313-05FE-4B58-A137-44445283A61F}.Debug|Any CPU.ActiveCfg = Debug|Any CPU
		{7001E313-05FE-4B58-A137-44445283A61F}.Debug|Any CPU.Build.0 = Debug|Any CPU
		{7001E313-05FE-4B58-A137-44445283A61F}.Release|Any CPU.ActiveCfg = Release|Any CPU
		{7001E313-05FE-4B58-A137-44445283A61F}.Release|Any CPU.Build.0 = Release|Any CPU
		{6560F53B-2B13-46C1-AF64-DA8BF62078B0}.Debug|Any CPU.ActiveCfg = Debug|Any CPU
		{6560F53B-2B13-46C1-AF64-DA8BF62078B0}.Debug|Any CPU.Build.0 = Debug|Any CPU
		{6560F53B-2B13-46C1-AF64-DA8BF62078B0}.Release|Any CPU.ActiveCfg = Release|Any CPU
		{6560F53B-2B13-46C1-AF64-DA8BF62078B0}.Release|Any CPU.Build.0 = Release|Any CPU
		{0B3D2DAB-D58F-4152-B473-938F0F1444BD}.Debug|Any CPU.ActiveCfg = Debug|Any CPU
		{0B3D2DAB-D58F-4152-B473-938F0F1444BD}.Debug|Any CPU.Build.0 = Debug|Any CPU
		{0B3D2DAB-D58F-4152-B473-938F0F1444BD}.Release|Any CPU.ActiveCfg = Release|Any CPU
		{0B3D2DAB-D58F-4152-B473-938F0F1444BD}.Release|Any CPU.Build.0 = Release|Any CPU
		{8B5BF415-36BC-43F8-A9D5-300A55DDB34D}.Debug|Any CPU.ActiveCfg = Debug|Any CPU
		{8B5BF415-36BC-43F8-A9D5-300A55DDB34D}.Debug|Any CPU.Build.0 = Debug|Any CPU
		{8B5BF415-36BC-43F8-A9D5-300A55DDB34D}.Release|Any CPU.ActiveCfg = Release|Any CPU
		{8B5BF415-36BC-43F8-A9D5-300A55DDB34D}.Release|Any CPU.Build.0 = Release|Any CPU
		{A8D97CB3-D7CD-4A5F-ADD1-A162D0C245D3}.Debug|Any CPU.ActiveCfg = Debug|Any CPU
		{A8D97CB3-D7CD-4A5F-ADD1-A162D0C245D3}.Debug|Any CPU.Build.0 = Debug|Any CPU
		{A8D97CB3-D7CD-4A5F-ADD1-A162D0C245D3}.Release|Any CPU.ActiveCfg = Release|Any CPU
		{A8D97CB3-D7CD-4A5F-ADD1-A162D0C245D3}.Release|Any CPU.Build.0 = Release|Any CPU
	EndGlobalSection
	GlobalSection(SolutionProperties) = preSolution
		HideSolutionNode = FALSE
	EndGlobalSection
	GlobalSection(NestedProjects) = preSolution
		{AC7993ED-CF55-4FBB-B5D5-55CF3A4DCE24} = {8DE22E90-BB36-4543-AF9C-2DAE94C1C2B6}
		{E8282551-9724-4DB5-8F25-7E1090DCBBE7} = {8DE22E90-BB36-4543-AF9C-2DAE94C1C2B6}
		{A9F18756-55A1-4DBC-9EAB-4DF0CA6E0448} = {8DE22E90-BB36-4543-AF9C-2DAE94C1C2B6}
		{99F41F5E-2672-4428-97C3-522EE3B5CEB8} = {B7F9960F-51F8-460C-A8E7-F85A5D1E8B91}
		{18795A96-1404-44EE-8BC1-7B5BC8A2B4DB} = {B7F9960F-51F8-460C-A8E7-F85A5D1E8B91}
		{BAE786A2-AC4F-45A1-AC9F-8FDB65B46DED} = {B7F9960F-51F8-460C-A8E7-F85A5D1E8B91}
		{35B85D93-7C13-4A97-A337-E44D8A51F9A1} = {B7F9960F-51F8-460C-A8E7-F85A5D1E8B91}
		{52E666B6-A084-45F1-8FDF-08541F7919E7} = {B7F9960F-51F8-460C-A8E7-F85A5D1E8B91}
		{5A092AF3-367C-45D0-8BB7-14BD84A9A8D3} = {B7F9960F-51F8-460C-A8E7-F85A5D1E8B91}
		{0A6E6BF5-ADA4-4D14-8647-8268F9AFD903} = {B7F9960F-51F8-460C-A8E7-F85A5D1E8B91}
		{9CE08DBD-5F88-4B16-9E77-DD9020AC9183} = {76BAFAF6-6F76-46A6-B29E-75CE62B1E965}
		{1BFE54F5-0316-4948-B177-3E7D415A0D0E} = {76BAFAF6-6F76-46A6-B29E-75CE62B1E965}
		{96E43575-E5CD-404B-A381-1B182A3F2601} = {FEC6E00A-07F9-4909-9370-4899F7480DDC}
		{BB51D08B-9B3F-4C92-9AF9-3728009556B1} = {FEC6E00A-07F9-4909-9370-4899F7480DDC}
		{FEE2C521-7559-4314-8387-C5761F60F8DB} = {FEC6E00A-07F9-4909-9370-4899F7480DDC}
		{B837B021-73EE-428E-9465-743D5908C5CC} = {FEC6E00A-07F9-4909-9370-4899F7480DDC}
		{3555EAF4-CD1B-499F-A2ED-C938B7D3CFB2} = {D3B1C2C6-FFAD-44B3-97E9-B63F6D5D8AAE}
		{ACF1E6A7-DC12-4DCE-AD15-E354D8CAB01F} = {D3B1C2C6-FFAD-44B3-97E9-B63F6D5D8AAE}
		{ED98A644-D7AB-4495-82D2-C1F96C141950} = {D3B1C2C6-FFAD-44B3-97E9-B63F6D5D8AAE}
		{7001E313-05FE-4B58-A137-44445283A61F} = {FEC6E00A-07F9-4909-9370-4899F7480DDC}
		{6560F53B-2B13-46C1-AF64-DA8BF62078B0} = {9F5D37CF-205D-4F3E-A727-EDB4B3EB3D12}
		{0B3D2DAB-D58F-4152-B473-938F0F1444BD} = {9F5D37CF-205D-4F3E-A727-EDB4B3EB3D12}
		{8B5BF415-36BC-43F8-A9D5-300A55DDB34D} = {EC802D6B-26B6-42BA-ACAA-4505C8B58402}
		{A8D97CB3-D7CD-4A5F-ADD1-A162D0C245D3} = {EC802D6B-26B6-42BA-ACAA-4505C8B58402}
	EndGlobalSection
	GlobalSection(ExtensibilityGlobals) = postSolution
		SolutionGuid = {9DF21943-6962-4CE5-9733-F699A420E40D}
	EndGlobalSection
EndGlobal
